
Microsoft Visual Studio Solution File, Format Version 12.00
# Visual Studio 14
VisualStudioVersion = 14.0.25420.1
MinimumVisualStudioVersion = 10.0.40219.1
Project("{FAE04EC0-301F-11D3-BF4B-00C04F79EFBC}") = "Capstone_test_1", "Capstone_test_1\Capstone_test_1.csproj", "{43894204-D5AC-4184-95F0-D0CFD54376B7}"
EndProject
Global
	GlobalSection(SolutionConfigurationPlatforms) = preSolution
		Debug|Any CPU = Debug|Any CPU
		Release|Any CPU = Release|Any CPU
	EndGlobalSection
	GlobalSection(ProjectConfigurationPlatforms) = postSolution
		{43894204-D5AC-4184-95F0-D0CFD54376B7}.Debug|Any CPU.ActiveCfg = Debug|Any CPU
		{43894204-D5AC-4184-95F0-D0CFD54376B7}.Debug|Any CPU.Build.0 = Debug|Any CPU
		{43894204-D5AC-4184-95F0-D0CFD54376B7}.Release|Any CPU.ActiveCfg = Release|Any CPU
		{43894204-D5AC-4184-95F0-D0CFD54376B7}.Release|Any CPU.Build.0 = Release|Any CPU
	EndGlobalSection
	GlobalSection(SolutionProperties) = preSolution
		HideSolutionNode = FALSE
	EndGlobalSection
EndGlobal
